
Microsoft Visual Studio Solution File, Format Version 12.00
# Visual Studio Version 16
VisualStudioVersion = 16.0.29201.188
MinimumVisualStudioVersion = 10.0.40219.1
Project("{9A19103F-16F7-4668-BE54-9A1E7A4F7556}") = "XP.Injection", "XP.Injection\XP.Injection.csproj", "{AD40A70D-5CA9-4B30-9166-775309E541DA}"
EndProject
Project("{FAE04EC0-301F-11D3-BF4B-00C04F79EFBC}") = "XP.Injection.UnitTests", "XP.Injection.UnitTests\XP.Injection.UnitTests.csproj", "{C27DDB49-8AA7-4503-B3AB-A91E716562E4}"
EndProject
Global
	GlobalSection(SolutionConfigurationPlatforms) = preSolution
		Debug|Any CPU = Debug|Any CPU
		Release|Any CPU = Release|Any CPU
	EndGlobalSection
	GlobalSection(ProjectConfigurationPlatforms) = postSolution
		{AD40A70D-5CA9-4B30-9166-775309E541DA}.Debug|Any CPU.ActiveCfg = Debug|Any CPU
		{AD40A70D-5CA9-4B30-9166-775309E541DA}.Debug|Any CPU.Build.0 = Debug|Any CPU
		{AD40A70D-5CA9-4B30-9166-775309E541DA}.Release|Any CPU.ActiveCfg = Release|Any CPU
		{AD40A70D-5CA9-4B30-9166-775309E541DA}.Release|Any CPU.Build.0 = Release|Any CPU
		{C27DDB49-8AA7-4503-B3AB-A91E716562E4}.Debug|Any CPU.ActiveCfg = Debug|Any CPU
		{C27DDB49-8AA7-4503-B3AB-A91E716562E4}.Debug|Any CPU.Build.0 = Debug|Any CPU
		{C27DDB49-8AA7-4503-B3AB-A91E716562E4}.Release|Any CPU.ActiveCfg = Release|Any CPU
		{C27DDB49-8AA7-4503-B3AB-A91E716562E4}.Release|Any CPU.Build.0 = Release|Any CPU
	EndGlobalSection
	GlobalSection(SolutionProperties) = preSolution
		HideSolutionNode = FALSE
	EndGlobalSection
	GlobalSection(ExtensibilityGlobals) = postSolution
		SolutionGuid = {18300BBB-A8BA-4E91-B614-A6E541293F06}
	EndGlobalSection
EndGlobal
